
Microsoft Visual Studio Solution File, Format Version 12.00
# Visual Studio Version 17
VisualStudioVersion = 17.8.34330.188
MinimumVisualStudioVersion = 10.0.40219.1
Project("{FAE04EC0-301F-11D3-BF4B-00C04F79EFBC}") = "CPW219-eCommerceSite", "CPW219-eCommerceSite\CPW219-eCommerceSite.csproj", "{3D803523-A13E-4507-8176-F3A90756DF5D}"
EndProject
Global
	GlobalSection(SolutionConfigurationPlatforms) = preSolution
		Debug|Any CPU = Debug|Any CPU
		Release|Any CPU = Release|Any CPU
	EndGlobalSection
	GlobalSection(ProjectConfigurationPlatforms) = postSolution
		{3D803523-A13E-4507-8176-F3A90756DF5D}.Debug|Any CPU.ActiveCfg = Debug|Any CPU
		{3D803523-A13E-4507-8176-F3A90756DF5D}.Debug|Any CPU.Build.0 = Debug|Any CPU
		{3D803523-A13E-4507-8176-F3A90756DF5D}.Release|Any CPU.ActiveCfg = Release|Any CPU
		{3D803523-A13E-4507-8176-F3A90756DF5D}.Release|Any CPU.Build.0 = Release|Any CPU
	EndGlobalSection
	GlobalSection(SolutionProperties) = preSolution
		HideSolutionNode = FALSE
	EndGlobalSection
	GlobalSection(ExtensibilityGlobals) = postSolution
		SolutionGuid = {0F5D59B0-2034-4A19-8A14-5F5C4CD4FBC4}
	EndGlobalSection
EndGlobal
